<?xml version="1.0" encoding="utf-8"?>
<Project ToolsVersion="4.0" xmlns="http://schemas.microsoft.com/developer/msbuild/2003">
  <ItemGroup>
    <Filter Include="Source Files">
      <UniqueIdentifier>{563007fc-4214-4aa7-8d22-32f9de485a2f}</UniqueIdentifier>
    </Filter>
    <Filter Include="Generated Files">
      <UniqueIdentifier>{8c9aecc4-c4d8-451d-a057-ffc966b2e282}</UniqueIdentifier>
      <SourceControlFiles>False</SourceControlFiles>
    </Filter>
  </ItemGroup>
  <ItemGroup>
    <ClCompile Include="DisableContextMenuItemsExt_i.c">
      <Filter>Generated Files</Filter>
    </ClCompile>
    <ClCompile Include="DisableContextMenuItemsExt_p.c">
      <Filter>Generated Files</Filter>
    </ClCompile>
    <ClCompile Include="dlldata.c">
      <Filter>Generated Files</Filter>
    </ClCompile>
  </ItemGroup>
  <ItemGroup>
    <None Include="DisableContextMenuItemsExtps.def" />
  </ItemGroup>
</Project>